<?xml version="1.0" encoding="utf-8"?>
<Project ToolsVersion="4.0" xmlns="http://schemas.microsoft.com/developer/msbuild/2003">
  <ItemGroup>
    <Filter Include="File di origine">
      <UniqueIdentifier>{4FC737F1-C7A5-4376-A066-2A32D752A2FF}</UniqueIdentifier>
      <Extensions>cpp;c;cc;cxx;c++;cppm;ixx;def;odl;idl;hpj;bat;asm;asmx</Extensions>
    </Filter>
    <Filter Include="File di intestazione">
      <UniqueIdentifier>{93995380-89BD-4b04-88EB-625FBE52EBFB}</UniqueIdentifier>
      <Extensions>h;hh;hpp;hxx;h++;hm;inl;inc;ipp;xsd</Extensions>
    </Filter>
    <Filter Include="File di risorse">
      <UniqueIdentifier>{67DA6AB6-F800-4c08-8B7A-83BB121AAD01}</UniqueIdentifier>
      <Extensions>rc;ico;cur;bmp;dlg;rc2;rct;bin;rgs;gif;jpg;jpeg;jpe;resx;tiff;tif;png;wav;mfcribbon-ms</Extensions>
    </Filter>
    <Filter Include="ImGui">
      <UniqueIdentifier>{85ce41fc-c2ac-49a1-846f-38a050ae4c8c}</UniqueIdentifier>
    </Filter>
    <Filter Include="MinHook">
      <UniqueIdentifier>{130c292a-10b2-4d3c-8ad3-bbdcd81a4d29}</UniqueIdentifier>
    </Filter>
  </ItemGroup>
  <ItemGroup>
    <ClCompile Include="dllmain.cpp">
      <Filter>File di origine</Filter>
    </ClCompile>
    <ClCompile Include="Global.cpp">
      <Filter>File di origine</Filter>
    </ClCompile>
    <ClCompile Include="ImGui\imgui.cpp">
      <Filter>ImGui</Filter>
    </ClCompile>
    <ClCompile Include="ImGui\imgui_demo.cpp">
      <Filter>ImGui</Filter>
    </ClCompile>
    <ClCompile Include="ImGui\imgui_draw.cpp">
      <Filter>ImGui</Filter>
    </ClCompile>
    <ClCompile Include="ImGui\imgui_impl_dx9.cpp">
      <Filter>ImGui</Filter>
    </ClCompile>
    <ClCompile Include="ImGui\imgui_impl_dx10.cpp">
      <Filter>ImGui</Filter>
    </ClCompile>
    <ClCompile Include="ImGui\imgui_impl_dx11.cpp">
      <Filter>ImGui</Filter>
    </ClCompile>
    <ClCompile Include="ImGui\imgui_impl_dx12.cpp">
      <Filter>ImGui</Filter>
    </ClCompile>
    <ClCompile Include="ImGui\imgui_impl_win32.cpp">
      <Filter>ImGui</Filter>
    </ClCompile>
    <ClCompile Include="ImGui\imgui_tables.cpp">
      <Filter>ImGui</Filter>
    </ClCompile>
    <ClCompile Include="ImGui\imgui_widgets.cpp">
      <Filter>ImGui</Filter>
    </ClCompile>
    <ClCompile Include="MinHook\Src\buffer.c">
      <Filter>MinHook</Filter>
    </ClCompile>
    <ClCompile Include="MinHook\Src\hde\hde32.c">
      <Filter>MinHook</Filter>
    </ClCompile>
    <ClCompile Include="MinHook\Src\hde\hde64.c">
      <Filter>MinHook</Filter>
    </ClCompile>
    <ClCompile Include="MinHook\Src\hook.c">
      <Filter>MinHook</Filter>
    </ClCompile>
    <ClCompile Include="MinHook\Src\trampoline.c">
      <Filter>MinHook</Filter>
    </ClCompile>
  </ItemGroup>
  <ItemGroup>
    <ClInclude Include="font.h">
      <Filter>File di intestazione</Filter>
    </ClInclude>
    <ClInclude Include="functions.h">
      <Filter>File di intestazione</Filter>
    </ClInclude>
    <ClInclude Include="Global.h">
      <Filter>File di intestazione</Filter>
    </ClInclude>
    <ClInclude Include="iconfont.h">
      <Filter>File di intestazione</Filter>
    </ClInclude>
    <ClInclude Include="ini.h">
      <Filter>File di intestazione</Filter>
    </ClInclude>
    <ClInclude Include="ModUtils.h">
      <Filter>File di intestazione</Filter>
    </ClInclude>
    <ClInclude Include="ImGui\imconfig.h">
      <Filter>ImGui</Filter>
    </ClInclude>
    <ClInclude Include="ImGui\imgui.h">
      <Filter>ImGui</Filter>
    </ClInclude>
    <ClInclude Include="ImGui\imgui_impl_dx9.h">
      <Filter>ImGui</Filter>
    </ClInclude>
    <ClInclude Include="ImGui\imgui_impl_dx10.h">
      <Filter>ImGui</Filter>
    </ClInclude>
    <ClInclude Include="ImGui\imgui_impl_dx11.h">
      <Filter>ImGui</Filter>
    </ClInclude>
    <ClInclude Include="ImGui\imgui_impl_dx12.h">
      <Filter>ImGui</Filter>
    </ClInclude>
    <ClInclude Include="ImGui\imgui_impl_win32.h">
      <Filter>ImGui</Filter>
    </ClInclude>
    <ClInclude Include="ImGui\imgui_internal.h">
      <Filter>ImGui</Filter>
    </ClInclude>
    <ClInclude Include="ImGui\imstb_rectpack.h">
      <Filter>ImGui</Filter>
    </ClInclude>
    <ClInclude Include="ImGui\imstb_textedit.h">
      <Filter>ImGui</Filter>
    </ClInclude>
    <ClInclude Include="ImGui\imstb_truetype.h">
      <Filter>ImGui</Filter>
    </ClInclude>
    <ClInclude Include="MinHook\Include\MinHook.h">
      <Filter>MinHook</Filter>
    </ClInclude>
    <ClInclude Include="MinHook\Src\buffer.h">
      <Filter>MinHook</Filter>
    </ClInclude>
    <ClInclude Include="MinHook\Src\hde\hde32.h">
      <Filter>MinHook</Filter>
    </ClInclude>
    <ClInclude Include="MinHook\Src\hde\hde64.h">
      <Filter>MinHook</Filter>
    </ClInclude>
    <ClInclude Include="MinHook\Src\hde\pstdint.h">
      <Filter>MinHook</Filter>
    </ClInclude>
    <ClInclude Include="MinHook\Src\hde\table32.h">
      <Filter>MinHook</Filter>
    </ClInclude>
    <ClInclude Include="MinHook\Src\hde\table64.h">
      <Filter>MinHook</Filter>
    </ClInclude>
    <ClInclude Include="MinHook\Src\trampoline.h">
      <Filter>MinHook</Filter>
    </ClInclude>
    <ClInclude Include="DirectX12.h">
      <Filter>File di intestazione</Filter>
    </ClInclude>
    <ClInclude Include="DirectX12Demo.h">
      <Filter>File di intestazione</Filter>
    </ClInclude>
    <ClInclude Include="bosses.h">
      <Filter>File di intestazione</Filter>
    </ClInclude>
    <ClInclude Include="npc.h">
      <Filter>File di intestazione</Filter>
    </ClInclude>
    <ClInclude Include="teleport.h">
      <Filter>File di intestazione</Filter>
    </ClInclude>
  </ItemGroup>
  <ItemGroup>
    <MASM Include="asm_funcs.asm">
      <Filter>File di origine</Filter>
    </MASM>
  </ItemGroup>
</Project>